
Microsoft Visual Studio Solution File, Format Version 12.00
# Visual Studio Version 17
VisualStudioVersion = 17.10.34928.147
MinimumVisualStudioVersion = 10.0.40219.1
Project("{FAE04EC0-301F-11D3-BF4B-00C04F79EFBC}") = "Aula 20 Conversao implicita e casting", "Aula 20 Conversao implicita e casting\Aula 20 Conversao implicita e casting.csproj", "{D7C02982-7FC5-4722-A0F7-FAE5E90B78B2}"
EndProject
Global
	GlobalSection(SolutionConfigurationPlatforms) = preSolution
		Debug|Any CPU = Debug|Any CPU
		Release|Any CPU = Release|Any CPU
	EndGlobalSection
	GlobalSection(ProjectConfigurationPlatforms) = postSolution
		{D7C02982-7FC5-4722-A0F7-FAE5E90B78B2}.Debug|Any CPU.ActiveCfg = Debug|Any CPU
		{D7C02982-7FC5-4722-A0F7-FAE5E90B78B2}.Debug|Any CPU.Build.0 = Debug|Any CPU
		{D7C02982-7FC5-4722-A0F7-FAE5E90B78B2}.Release|Any CPU.ActiveCfg = Release|Any CPU
		{D7C02982-7FC5-4722-A0F7-FAE5E90B78B2}.Release|Any CPU.Build.0 = Release|Any CPU
	EndGlobalSection
	GlobalSection(SolutionProperties) = preSolution
		HideSolutionNode = FALSE
	EndGlobalSection
	GlobalSection(ExtensibilityGlobals) = postSolution
		SolutionGuid = {DE72382A-BB27-4523-BE7D-57A9F990C092}
	EndGlobalSection
EndGlobal
