
Microsoft Visual Studio Solution File, Format Version 12.00
# Visual Studio Version 17
VisualStudioVersion = 17.10.34928.147
MinimumVisualStudioVersion = 10.0.40219.1
Project("{FAE04EC0-301F-11D3-BF4B-00C04F79EFBC}") = "Exercicio 04", "Exercicio 04\Exercicio 04.csproj", "{835729C2-0338-488D-91D8-CB18C4FD4180}"
EndProject
Global
	GlobalSection(SolutionConfigurationPlatforms) = preSolution
		Debug|Any CPU = Debug|Any CPU
		Release|Any CPU = Release|Any CPU
	EndGlobalSection
	GlobalSection(ProjectConfigurationPlatforms) = postSolution
		{835729C2-0338-488D-91D8-CB18C4FD4180}.Debug|Any CPU.ActiveCfg = Debug|Any CPU
		{835729C2-0338-488D-91D8-CB18C4FD4180}.Debug|Any CPU.Build.0 = Debug|Any CPU
		{835729C2-0338-488D-91D8-CB18C4FD4180}.Release|Any CPU.ActiveCfg = Release|Any CPU
		{835729C2-0338-488D-91D8-CB18C4FD4180}.Release|Any CPU.Build.0 = Release|Any CPU
	EndGlobalSection
	GlobalSection(SolutionProperties) = preSolution
		HideSolutionNode = FALSE
	EndGlobalSection
	GlobalSection(ExtensibilityGlobals) = postSolution
		SolutionGuid = {95D83419-F7CD-4145-A182-82CEE52CF4DB}
	EndGlobalSection
EndGlobal
