
Microsoft Visual Studio Solution File, Format Version 12.00
# Visual Studio Version 17
VisualStudioVersion = 17.10.34928.147
MinimumVisualStudioVersion = 10.0.40219.1
Project("{FAE04EC0-301F-11D3-BF4B-00C04F79EFBC}") = "Exercicio01gpt", "Exercicio01gpt\Exercicio01gpt.csproj", "{3DAE0CB1-F51E-4DD9-8ADC-8AF7EBBAEDE8}"
EndProject
Global
	GlobalSection(SolutionConfigurationPlatforms) = preSolution
		Debug|Any CPU = Debug|Any CPU
		Release|Any CPU = Release|Any CPU
	EndGlobalSection
	GlobalSection(ProjectConfigurationPlatforms) = postSolution
		{3DAE0CB1-F51E-4DD9-8ADC-8AF7EBBAEDE8}.Debug|Any CPU.ActiveCfg = Debug|Any CPU
		{3DAE0CB1-F51E-4DD9-8ADC-8AF7EBBAEDE8}.Debug|Any CPU.Build.0 = Debug|Any CPU
		{3DAE0CB1-F51E-4DD9-8ADC-8AF7EBBAEDE8}.Release|Any CPU.ActiveCfg = Release|Any CPU
		{3DAE0CB1-F51E-4DD9-8ADC-8AF7EBBAEDE8}.Release|Any CPU.Build.0 = Release|Any CPU
	EndGlobalSection
	GlobalSection(SolutionProperties) = preSolution
		HideSolutionNode = FALSE
	EndGlobalSection
	GlobalSection(ExtensibilityGlobals) = postSolution
		SolutionGuid = {800FFC88-3A00-4902-A589-92F0B4974436}
	EndGlobalSection
EndGlobal
