
Microsoft Visual Studio Solution File, Format Version 12.00
# Visual Studio Version 17
VisualStudioVersion = 17.10.34928.147
MinimumVisualStudioVersion = 10.0.40219.1
Project("{FAE04EC0-301F-11D3-BF4B-00C04F79EFBC}") = "exercicio2GPT", "exercicio2GPT\exercicio2GPT.csproj", "{E7234B92-CD1C-4E71-89EE-8DF0F97BCAB3}"
EndProject
Global
	GlobalSection(SolutionConfigurationPlatforms) = preSolution
		Debug|Any CPU = Debug|Any CPU
		Release|Any CPU = Release|Any CPU
	EndGlobalSection
	GlobalSection(ProjectConfigurationPlatforms) = postSolution
		{E7234B92-CD1C-4E71-89EE-8DF0F97BCAB3}.Debug|Any CPU.ActiveCfg = Debug|Any CPU
		{E7234B92-CD1C-4E71-89EE-8DF0F97BCAB3}.Debug|Any CPU.Build.0 = Debug|Any CPU
		{E7234B92-CD1C-4E71-89EE-8DF0F97BCAB3}.Release|Any CPU.ActiveCfg = Release|Any CPU
		{E7234B92-CD1C-4E71-89EE-8DF0F97BCAB3}.Release|Any CPU.Build.0 = Release|Any CPU
	EndGlobalSection
	GlobalSection(SolutionProperties) = preSolution
		HideSolutionNode = FALSE
	EndGlobalSection
	GlobalSection(ExtensibilityGlobals) = postSolution
		SolutionGuid = {CFFE7076-9404-4654-B3D3-040739E511C7}
	EndGlobalSection
EndGlobal
