
Microsoft Visual Studio Solution File, Format Version 12.00
# Visual Studio Version 17
VisualStudioVersion = 17.10.34928.147
MinimumVisualStudioVersion = 10.0.40219.1
Project("{FAE04EC0-301F-11D3-BF4B-00C04F79EFBC}") = "Exercicio05", "Exercicio05\Exercicio05.csproj", "{9F6CB802-3981-4F1B-89BC-8AABF209035B}"
EndProject
Global
	GlobalSection(SolutionConfigurationPlatforms) = preSolution
		Debug|Any CPU = Debug|Any CPU
		Release|Any CPU = Release|Any CPU
	EndGlobalSection
	GlobalSection(ProjectConfigurationPlatforms) = postSolution
		{9F6CB802-3981-4F1B-89BC-8AABF209035B}.Debug|Any CPU.ActiveCfg = Debug|Any CPU
		{9F6CB802-3981-4F1B-89BC-8AABF209035B}.Debug|Any CPU.Build.0 = Debug|Any CPU
		{9F6CB802-3981-4F1B-89BC-8AABF209035B}.Release|Any CPU.ActiveCfg = Release|Any CPU
		{9F6CB802-3981-4F1B-89BC-8AABF209035B}.Release|Any CPU.Build.0 = Release|Any CPU
	EndGlobalSection
	GlobalSection(SolutionProperties) = preSolution
		HideSolutionNode = FALSE
	EndGlobalSection
	GlobalSection(ExtensibilityGlobals) = postSolution
		SolutionGuid = {61CE88E9-C257-4D34-A0A6-0A41F04F827B}
	EndGlobalSection
EndGlobal
