
Microsoft Visual Studio Solution File, Format Version 12.00
# Visual Studio Version 17
VisualStudioVersion = 17.10.34928.147
MinimumVisualStudioVersion = 10.0.40219.1
Project("{FAE04EC0-301F-11D3-BF4B-00C04F79EFBC}") = "Exercicio03", "Exercicio03\Exercicio03.csproj", "{1A553958-5A0B-40C6-AD60-405835A7E5B4}"
EndProject
Global
	GlobalSection(SolutionConfigurationPlatforms) = preSolution
		Debug|Any CPU = Debug|Any CPU
		Release|Any CPU = Release|Any CPU
	EndGlobalSection
	GlobalSection(ProjectConfigurationPlatforms) = postSolution
		{1A553958-5A0B-40C6-AD60-405835A7E5B4}.Debug|Any CPU.ActiveCfg = Debug|Any CPU
		{1A553958-5A0B-40C6-AD60-405835A7E5B4}.Debug|Any CPU.Build.0 = Debug|Any CPU
		{1A553958-5A0B-40C6-AD60-405835A7E5B4}.Release|Any CPU.ActiveCfg = Release|Any CPU
		{1A553958-5A0B-40C6-AD60-405835A7E5B4}.Release|Any CPU.Build.0 = Release|Any CPU
	EndGlobalSection
	GlobalSection(SolutionProperties) = preSolution
		HideSolutionNode = FALSE
	EndGlobalSection
	GlobalSection(ExtensibilityGlobals) = postSolution
		SolutionGuid = {1A28B89F-5C5C-4111-AD56-4141AF93190A}
	EndGlobalSection
EndGlobal
