
Microsoft Visual Studio Solution File, Format Version 12.00
# Visual Studio Version 17
VisualStudioVersion = 17.10.34928.147
MinimumVisualStudioVersion = 10.0.40219.1
Project("{FAE04EC0-301F-11D3-BF4B-00C04F79EFBC}") = "18.SaidadeDados", "18.SaidadeDados\18.SaidadeDados.csproj", "{2C122122-4D78-4302-ADAC-A053C4B40781}"
EndProject
Global
	GlobalSection(SolutionConfigurationPlatforms) = preSolution
		Debug|Any CPU = Debug|Any CPU
		Release|Any CPU = Release|Any CPU
	EndGlobalSection
	GlobalSection(ProjectConfigurationPlatforms) = postSolution
		{2C122122-4D78-4302-ADAC-A053C4B40781}.Debug|Any CPU.ActiveCfg = Debug|Any CPU
		{2C122122-4D78-4302-ADAC-A053C4B40781}.Debug|Any CPU.Build.0 = Debug|Any CPU
		{2C122122-4D78-4302-ADAC-A053C4B40781}.Release|Any CPU.ActiveCfg = Release|Any CPU
		{2C122122-4D78-4302-ADAC-A053C4B40781}.Release|Any CPU.Build.0 = Release|Any CPU
	EndGlobalSection
	GlobalSection(SolutionProperties) = preSolution
		HideSolutionNode = FALSE
	EndGlobalSection
	GlobalSection(ExtensibilityGlobals) = postSolution
		SolutionGuid = {88175F05-729F-437A-816A-8049D304214A}
	EndGlobalSection
EndGlobal
